
Microsoft Visual Studio Solution File, Format Version 12.00
# Visual Studio Version 16
VisualStudioVersion = 16.0.31613.86
MinimumVisualStudioVersion = 10.0.40219.1
Project("{9A19103F-16F7-4668-BE54-9A1E7A4F7556}") = "Lab1", "Lab1\Lab1.csproj", "{F425319D-8067-4265-BD9A-8B3DAAF803E6}"
EndProject
Project("{FAE04EC0-301F-11D3-BF4B-00C04F79EFBC}") = "Arbol y pruebas", "Arbol y pruebas\Arbol y pruebas.csproj", "{77661F92-7C02-4CC6-A284-39969960C5F8}"
EndProject
Global
	GlobalSection(SolutionConfigurationPlatforms) = preSolution
		Debug|Any CPU = Debug|Any CPU
		Release|Any CPU = Release|Any CPU
	EndGlobalSection
	GlobalSection(ProjectConfigurationPlatforms) = postSolution
		{F425319D-8067-4265-BD9A-8B3DAAF803E6}.Debug|Any CPU.ActiveCfg = Debug|Any CPU
		{F425319D-8067-4265-BD9A-8B3DAAF803E6}.Debug|Any CPU.Build.0 = Debug|Any CPU
		{F425319D-8067-4265-BD9A-8B3DAAF803E6}.Release|Any CPU.ActiveCfg = Release|Any CPU
		{F425319D-8067-4265-BD9A-8B3DAAF803E6}.Release|Any CPU.Build.0 = Release|Any CPU
		{77661F92-7C02-4CC6-A284-39969960C5F8}.Debug|Any CPU.ActiveCfg = Debug|Any CPU
		{77661F92-7C02-4CC6-A284-39969960C5F8}.Debug|Any CPU.Build.0 = Debug|Any CPU
		{77661F92-7C02-4CC6-A284-39969960C5F8}.Release|Any CPU.ActiveCfg = Release|Any CPU
		{77661F92-7C02-4CC6-A284-39969960C5F8}.Release|Any CPU.Build.0 = Release|Any CPU
	EndGlobalSection
	GlobalSection(SolutionProperties) = preSolution
		HideSolutionNode = FALSE
	EndGlobalSection
	GlobalSection(ExtensibilityGlobals) = postSolution
		SolutionGuid = {5E0A2E15-5116-4891-A7B7-F5A307277B60}
	EndGlobalSection
EndGlobal
